
Microsoft Visual Studio Solution File, Format Version 12.00
# Visual Studio Version 17
VisualStudioVersion = 17.11.35431.28
MinimumVisualStudioVersion = 10.0.40219.1
Project("{FAE04EC0-301F-11D3-BF4B-00C04F79EFBC}") = "MyMVC161124", "MyMVC161124.csproj", "{1E859DED-0C62-4DB5-8C82-00BC468648A1}"
EndProject
Global
	GlobalSection(SolutionConfigurationPlatforms) = preSolution
		Debug|Any CPU = Debug|Any CPU
		Release|Any CPU = Release|Any CPU
	EndGlobalSection
	GlobalSection(ProjectConfigurationPlatforms) = postSolution
		{1E859DED-0C62-4DB5-8C82-00BC468648A1}.Debug|Any CPU.ActiveCfg = Debug|Any CPU
		{1E859DED-0C62-4DB5-8C82-00BC468648A1}.Debug|Any CPU.Build.0 = Debug|Any CPU
		{1E859DED-0C62-4DB5-8C82-00BC468648A1}.Release|Any CPU.ActiveCfg = Release|Any CPU
		{1E859DED-0C62-4DB5-8C82-00BC468648A1}.Release|Any CPU.Build.0 = Release|Any CPU
	EndGlobalSection
	GlobalSection(SolutionProperties) = preSolution
		HideSolutionNode = FALSE
	EndGlobalSection
	GlobalSection(ExtensibilityGlobals) = postSolution
		SolutionGuid = {5A501F48-5E33-4FF2-906C-0D283826DC48}
	EndGlobalSection
EndGlobal
